
Microsoft Visual Studio Solution File, Format Version 12.00
# Visual Studio Version 17
VisualStudioVersion = 17.0.31410.414
MinimumVisualStudioVersion = 10.0.40219.1
Project("{FAE04EC0-301F-11D3-BF4B-00C04F79EFBC}") = "YoutubeSamples", "YoutubeSamples\YoutubeSamples.csproj", "{00B15C8B-4626-4564-AF21-56EA07210189}"
EndProject
Project("{FAE04EC0-301F-11D3-BF4B-00C04F79EFBC}") = "Sample.Api", "Sample.Api\Sample.Api.csproj", "{8127FA6C-BAA8-4836-8ADF-CF302CEC2F7C}"
EndProject
Global
	GlobalSection(SolutionConfigurationPlatforms) = preSolution
		Debug|Any CPU = Debug|Any CPU
		Release|Any CPU = Release|Any CPU
	EndGlobalSection
	GlobalSection(ProjectConfigurationPlatforms) = postSolution
		{00B15C8B-4626-4564-AF21-56EA07210189}.Debug|Any CPU.ActiveCfg = Debug|Any CPU
		{00B15C8B-4626-4564-AF21-56EA07210189}.Debug|Any CPU.Build.0 = Debug|Any CPU
		{00B15C8B-4626-4564-AF21-56EA07210189}.Release|Any CPU.ActiveCfg = Release|Any CPU
		{00B15C8B-4626-4564-AF21-56EA07210189}.Release|Any CPU.Build.0 = Release|Any CPU
		{8127FA6C-BAA8-4836-8ADF-CF302CEC2F7C}.Debug|Any CPU.ActiveCfg = Debug|Any CPU
		{8127FA6C-BAA8-4836-8ADF-CF302CEC2F7C}.Debug|Any CPU.Build.0 = Debug|Any CPU
		{8127FA6C-BAA8-4836-8ADF-CF302CEC2F7C}.Release|Any CPU.ActiveCfg = Release|Any CPU
		{8127FA6C-BAA8-4836-8ADF-CF302CEC2F7C}.Release|Any CPU.Build.0 = Release|Any CPU
	EndGlobalSection
	GlobalSection(SolutionProperties) = preSolution
		HideSolutionNode = FALSE
	EndGlobalSection
	GlobalSection(ExtensibilityGlobals) = postSolution
		SolutionGuid = {3EF62B3C-AACC-4D78-A009-23324359EBDE}
	EndGlobalSection
EndGlobal
